
Microsoft Visual Studio Solution File, Format Version 11.00
# Visual Studio 2010
Project("{FAE04EC0-301F-11D3-BF4B-00C04F79EFBC}") = "PhotonUnityNetworking.Utilities", "PhotonUnityNetworking.Utilities.csproj", "{1f134ceb-017a-7db7-e3f6-e7e771efde44}"
EndProject
Project("{FAE04EC0-301F-11D3-BF4B-00C04F79EFBC}") = "Assembly-CSharp", "Assembly-CSharp.csproj", "{01117727-9f9d-d4b2-0c06-d88b7fb7a08c}"
EndProject
Project("{FAE04EC0-301F-11D3-BF4B-00C04F79EFBC}") = "PhotonUnityNetworking.Demos", "PhotonUnityNetworking.Demos.csproj", "{91765250-932d-d355-ace2-147a4da43590}"
EndProject
Project("{FAE04EC0-301F-11D3-BF4B-00C04F79EFBC}") = "PhotonUnityNetworking", "PhotonUnityNetworking.csproj", "{ceae77d8-5e9c-409c-371c-80de1459431f}"
EndProject
Project("{FAE04EC0-301F-11D3-BF4B-00C04F79EFBC}") = "PhotonChat", "PhotonChat.csproj", "{1bc40e23-40da-c974-7369-d9cca26c06fb}"
EndProject
Project("{FAE04EC0-301F-11D3-BF4B-00C04F79EFBC}") = "PhotonRealtime", "PhotonRealtime.csproj", "{9b477a4e-0159-a0ac-2208-f77a973ebd9c}"
EndProject
Project("{FAE04EC0-301F-11D3-BF4B-00C04F79EFBC}") = "PhotonUnityNetworking.Editor", "PhotonUnityNetworking.Editor.csproj", "{177f766c-9ae9-7a29-7a64-6ea520ca14ba}"
EndProject
Project("{FAE04EC0-301F-11D3-BF4B-00C04F79EFBC}") = "PhotonUnityNetworking.Utilities.PhotonPlayer.Editor", "PhotonUnityNetworking.Utilities.PhotonPlayer.Editor.csproj", "{c2eae4e0-3681-5f99-15c1-5f910697c86c}"
EndProject
Project("{FAE04EC0-301F-11D3-BF4B-00C04F79EFBC}") = "PhotonUnityNetworking.Utilities.Culling.Editor", "PhotonUnityNetworking.Utilities.Culling.Editor.csproj", "{53518661-df80-bfae-3b2c-96f77badd985}"
EndProject
Global
	GlobalSection(SolutionConfigurationPlatforms) = preSolution
		Debug|Any CPU = Debug|Any CPU
	EndGlobalSection
	GlobalSection(ProjectConfigurationPlatforms) = postSolution
		{1f134ceb-017a-7db7-e3f6-e7e771efde44}.Debug|Any CPU.ActiveCfg = Debug|Any CPU
		{1f134ceb-017a-7db7-e3f6-e7e771efde44}.Debug|Any CPU.Build.0 = Debug|Any CPU
		{01117727-9f9d-d4b2-0c06-d88b7fb7a08c}.Debug|Any CPU.ActiveCfg = Debug|Any CPU
		{01117727-9f9d-d4b2-0c06-d88b7fb7a08c}.Debug|Any CPU.Build.0 = Debug|Any CPU
		{91765250-932d-d355-ace2-147a4da43590}.Debug|Any CPU.ActiveCfg = Debug|Any CPU
		{91765250-932d-d355-ace2-147a4da43590}.Debug|Any CPU.Build.0 = Debug|Any CPU
		{ceae77d8-5e9c-409c-371c-80de1459431f}.Debug|Any CPU.ActiveCfg = Debug|Any CPU
		{ceae77d8-5e9c-409c-371c-80de1459431f}.Debug|Any CPU.Build.0 = Debug|Any CPU
		{1bc40e23-40da-c974-7369-d9cca26c06fb}.Debug|Any CPU.ActiveCfg = Debug|Any CPU
		{1bc40e23-40da-c974-7369-d9cca26c06fb}.Debug|Any CPU.Build.0 = Debug|Any CPU
		{9b477a4e-0159-a0ac-2208-f77a973ebd9c}.Debug|Any CPU.ActiveCfg = Debug|Any CPU
		{9b477a4e-0159-a0ac-2208-f77a973ebd9c}.Debug|Any CPU.Build.0 = Debug|Any CPU
		{177f766c-9ae9-7a29-7a64-6ea520ca14ba}.Debug|Any CPU.ActiveCfg = Debug|Any CPU
		{177f766c-9ae9-7a29-7a64-6ea520ca14ba}.Debug|Any CPU.Build.0 = Debug|Any CPU
		{c2eae4e0-3681-5f99-15c1-5f910697c86c}.Debug|Any CPU.ActiveCfg = Debug|Any CPU
		{c2eae4e0-3681-5f99-15c1-5f910697c86c}.Debug|Any CPU.Build.0 = Debug|Any CPU
		{53518661-df80-bfae-3b2c-96f77badd985}.Debug|Any CPU.ActiveCfg = Debug|Any CPU
		{53518661-df80-bfae-3b2c-96f77badd985}.Debug|Any CPU.Build.0 = Debug|Any CPU
	EndGlobalSection
	GlobalSection(SolutionProperties) = preSolution
		HideSolutionNode = FALSE
	EndGlobalSection
EndGlobal
